
Microsoft Visual Studio Solution File, Format Version 12.00
# Visual Studio 14
VisualStudioVersion = 14.0.23107.0
MinimumVisualStudioVersion = 10.0.40219.1
Project("{FAE04EC0-301F-11D3-BF4B-00C04F79EFBC}") = "exercice1", "exercice1\exercice1.csproj", "{8A48A8AA-5EB5-4087-A103-E3D3281AE42C}"
EndProject
Project("{FAE04EC0-301F-11D3-BF4B-00C04F79EFBC}") = "Exercice2", "Exercice2\Exercice2.csproj", "{C2AD8645-3188-4459-9FF2-BD805D09C356}"
EndProject
Global
	GlobalSection(SolutionConfigurationPlatforms) = preSolution
		Debug|Any CPU = Debug|Any CPU
		Release|Any CPU = Release|Any CPU
	EndGlobalSection
	GlobalSection(ProjectConfigurationPlatforms) = postSolution
		{8A48A8AA-5EB5-4087-A103-E3D3281AE42C}.Debug|Any CPU.ActiveCfg = Debug|Any CPU
		{8A48A8AA-5EB5-4087-A103-E3D3281AE42C}.Debug|Any CPU.Build.0 = Debug|Any CPU
		{8A48A8AA-5EB5-4087-A103-E3D3281AE42C}.Release|Any CPU.ActiveCfg = Release|Any CPU
		{8A48A8AA-5EB5-4087-A103-E3D3281AE42C}.Release|Any CPU.Build.0 = Release|Any CPU
		{C2AD8645-3188-4459-9FF2-BD805D09C356}.Debug|Any CPU.ActiveCfg = Debug|Any CPU
		{C2AD8645-3188-4459-9FF2-BD805D09C356}.Debug|Any CPU.Build.0 = Debug|Any CPU
		{C2AD8645-3188-4459-9FF2-BD805D09C356}.Release|Any CPU.ActiveCfg = Release|Any CPU
		{C2AD8645-3188-4459-9FF2-BD805D09C356}.Release|Any CPU.Build.0 = Release|Any CPU
	EndGlobalSection
	GlobalSection(SolutionProperties) = preSolution
		HideSolutionNode = FALSE
	EndGlobalSection
EndGlobal
